
Microsoft Visual Studio Solution File, Format Version 12.00
# Visual Studio 15
VisualStudioVersion = 15.0.26124.0
MinimumVisualStudioVersion = 15.0.26124.0
Project("{FAE04EC0-301F-11D3-BF4B-00C04F79EFBC}") = "Laz", "src\Laz\Laz.csproj", "{32409CB0-89E1-4054-856A-DA48BD9EDF98}"
EndProject
Project("{FAE04EC0-301F-11D3-BF4B-00C04F79EFBC}") = "Laz.Tests", "src\Laz.Tests\Laz.Tests.csproj", "{57D98BFD-87E8-4F95-87AB-2294C5026969}"
EndProject
Project("{FAE04EC0-301F-11D3-BF4B-00C04F79EFBC}") = "Laz.Tests.UI", "src\Laz.Tests.UI\Laz.Tests.UI.csproj", "{F48B9D8D-1EDC-4B9B-BC72-01208E10C9B2}"
EndProject
Project("{2150E333-8FDC-42A3-9474-1A3956D46DE8}") = "src", "src", "{7F79938A-2C9E-4294-A05D-1456DA6558A0}"
EndProject
Project("{FAE04EC0-301F-11D3-BF4B-00C04F79EFBC}") = "Laz.VisualDemo", "src\Laz.VisualDemo\Laz.VisualDemo.csproj", "{8A1A9D14-D49E-4226-810E-F3AC774FB9E1}"
EndProject
Global
	GlobalSection(SolutionConfigurationPlatforms) = preSolution
		Debug|Any CPU = Debug|Any CPU
		Debug|x64 = Debug|x64
		Debug|x86 = Debug|x86
		Release|Any CPU = Release|Any CPU
		Release|x64 = Release|x64
		Release|x86 = Release|x86
	EndGlobalSection
	GlobalSection(SolutionProperties) = preSolution
		HideSolutionNode = FALSE
	EndGlobalSection
	GlobalSection(ProjectConfigurationPlatforms) = postSolution
		{32409CB0-89E1-4054-856A-DA48BD9EDF98}.Debug|Any CPU.ActiveCfg = Debug|Any CPU
		{32409CB0-89E1-4054-856A-DA48BD9EDF98}.Debug|Any CPU.Build.0 = Debug|Any CPU
		{32409CB0-89E1-4054-856A-DA48BD9EDF98}.Debug|x64.ActiveCfg = Debug|Any CPU
		{32409CB0-89E1-4054-856A-DA48BD9EDF98}.Debug|x64.Build.0 = Debug|Any CPU
		{32409CB0-89E1-4054-856A-DA48BD9EDF98}.Debug|x86.ActiveCfg = Debug|Any CPU
		{32409CB0-89E1-4054-856A-DA48BD9EDF98}.Debug|x86.Build.0 = Debug|Any CPU
		{32409CB0-89E1-4054-856A-DA48BD9EDF98}.Release|Any CPU.ActiveCfg = Release|Any CPU
		{32409CB0-89E1-4054-856A-DA48BD9EDF98}.Release|Any CPU.Build.0 = Release|Any CPU
		{32409CB0-89E1-4054-856A-DA48BD9EDF98}.Release|x64.ActiveCfg = Release|Any CPU
		{32409CB0-89E1-4054-856A-DA48BD9EDF98}.Release|x64.Build.0 = Release|Any CPU
		{32409CB0-89E1-4054-856A-DA48BD9EDF98}.Release|x86.ActiveCfg = Release|Any CPU
		{32409CB0-89E1-4054-856A-DA48BD9EDF98}.Release|x86.Build.0 = Release|Any CPU
		{57D98BFD-87E8-4F95-87AB-2294C5026969}.Debug|Any CPU.ActiveCfg = Debug|Any CPU
		{57D98BFD-87E8-4F95-87AB-2294C5026969}.Debug|Any CPU.Build.0 = Debug|Any CPU
		{57D98BFD-87E8-4F95-87AB-2294C5026969}.Debug|x64.ActiveCfg = Debug|Any CPU
		{57D98BFD-87E8-4F95-87AB-2294C5026969}.Debug|x64.Build.0 = Debug|Any CPU
		{57D98BFD-87E8-4F95-87AB-2294C5026969}.Debug|x86.ActiveCfg = Debug|Any CPU
		{57D98BFD-87E8-4F95-87AB-2294C5026969}.Debug|x86.Build.0 = Debug|Any CPU
		{57D98BFD-87E8-4F95-87AB-2294C5026969}.Release|Any CPU.ActiveCfg = Release|Any CPU
		{57D98BFD-87E8-4F95-87AB-2294C5026969}.Release|Any CPU.Build.0 = Release|Any CPU
		{57D98BFD-87E8-4F95-87AB-2294C5026969}.Release|x64.ActiveCfg = Release|Any CPU
		{57D98BFD-87E8-4F95-87AB-2294C5026969}.Release|x64.Build.0 = Release|Any CPU
		{57D98BFD-87E8-4F95-87AB-2294C5026969}.Release|x86.ActiveCfg = Release|Any CPU
		{57D98BFD-87E8-4F95-87AB-2294C5026969}.Release|x86.Build.0 = Release|Any CPU
		{F48B9D8D-1EDC-4B9B-BC72-01208E10C9B2}.Debug|Any CPU.ActiveCfg = Debug|Any CPU
		{F48B9D8D-1EDC-4B9B-BC72-01208E10C9B2}.Debug|Any CPU.Build.0 = Debug|Any CPU
		{F48B9D8D-1EDC-4B9B-BC72-01208E10C9B2}.Debug|x64.ActiveCfg = Debug|Any CPU
		{F48B9D8D-1EDC-4B9B-BC72-01208E10C9B2}.Debug|x64.Build.0 = Debug|Any CPU
		{F48B9D8D-1EDC-4B9B-BC72-01208E10C9B2}.Debug|x86.ActiveCfg = Debug|Any CPU
		{F48B9D8D-1EDC-4B9B-BC72-01208E10C9B2}.Debug|x86.Build.0 = Debug|Any CPU
		{F48B9D8D-1EDC-4B9B-BC72-01208E10C9B2}.Release|Any CPU.ActiveCfg = Release|Any CPU
		{F48B9D8D-1EDC-4B9B-BC72-01208E10C9B2}.Release|Any CPU.Build.0 = Release|Any CPU
		{F48B9D8D-1EDC-4B9B-BC72-01208E10C9B2}.Release|x64.ActiveCfg = Release|Any CPU
		{F48B9D8D-1EDC-4B9B-BC72-01208E10C9B2}.Release|x64.Build.0 = Release|Any CPU
		{F48B9D8D-1EDC-4B9B-BC72-01208E10C9B2}.Release|x86.ActiveCfg = Release|Any CPU
		{F48B9D8D-1EDC-4B9B-BC72-01208E10C9B2}.Release|x86.Build.0 = Release|Any CPU
		{8A1A9D14-D49E-4226-810E-F3AC774FB9E1}.Debug|Any CPU.ActiveCfg = Debug|Any CPU
		{8A1A9D14-D49E-4226-810E-F3AC774FB9E1}.Debug|Any CPU.Build.0 = Debug|Any CPU
		{8A1A9D14-D49E-4226-810E-F3AC774FB9E1}.Debug|x64.ActiveCfg = Debug|Any CPU
		{8A1A9D14-D49E-4226-810E-F3AC774FB9E1}.Debug|x64.Build.0 = Debug|Any CPU
		{8A1A9D14-D49E-4226-810E-F3AC774FB9E1}.Debug|x86.ActiveCfg = Debug|Any CPU
		{8A1A9D14-D49E-4226-810E-F3AC774FB9E1}.Debug|x86.Build.0 = Debug|Any CPU
		{8A1A9D14-D49E-4226-810E-F3AC774FB9E1}.Release|Any CPU.ActiveCfg = Release|Any CPU
		{8A1A9D14-D49E-4226-810E-F3AC774FB9E1}.Release|Any CPU.Build.0 = Release|Any CPU
		{8A1A9D14-D49E-4226-810E-F3AC774FB9E1}.Release|x64.ActiveCfg = Release|Any CPU
		{8A1A9D14-D49E-4226-810E-F3AC774FB9E1}.Release|x64.Build.0 = Release|Any CPU
		{8A1A9D14-D49E-4226-810E-F3AC774FB9E1}.Release|x86.ActiveCfg = Release|Any CPU
		{8A1A9D14-D49E-4226-810E-F3AC774FB9E1}.Release|x86.Build.0 = Release|Any CPU
		{6B1B97C8-F73E-4690-B605-DFAB197F0EEB}.Debug|Any CPU.ActiveCfg = Debug|Any CPU
		{6B1B97C8-F73E-4690-B605-DFAB197F0EEB}.Debug|Any CPU.Build.0 = Debug|Any CPU
		{6B1B97C8-F73E-4690-B605-DFAB197F0EEB}.Debug|x64.ActiveCfg = Debug|Any CPU
		{6B1B97C8-F73E-4690-B605-DFAB197F0EEB}.Debug|x64.Build.0 = Debug|Any CPU
		{6B1B97C8-F73E-4690-B605-DFAB197F0EEB}.Debug|x86.ActiveCfg = Debug|Any CPU
		{6B1B97C8-F73E-4690-B605-DFAB197F0EEB}.Debug|x86.Build.0 = Debug|Any CPU
		{6B1B97C8-F73E-4690-B605-DFAB197F0EEB}.Release|Any CPU.ActiveCfg = Release|Any CPU
		{6B1B97C8-F73E-4690-B605-DFAB197F0EEB}.Release|Any CPU.Build.0 = Release|Any CPU
		{6B1B97C8-F73E-4690-B605-DFAB197F0EEB}.Release|x64.ActiveCfg = Release|Any CPU
		{6B1B97C8-F73E-4690-B605-DFAB197F0EEB}.Release|x64.Build.0 = Release|Any CPU
		{6B1B97C8-F73E-4690-B605-DFAB197F0EEB}.Release|x86.ActiveCfg = Release|Any CPU
		{6B1B97C8-F73E-4690-B605-DFAB197F0EEB}.Release|x86.Build.0 = Release|Any CPU
	EndGlobalSection
	GlobalSection(NestedProjects) = preSolution
		{8A1A9D14-D49E-4226-810E-F3AC774FB9E1} = {7F79938A-2C9E-4294-A05D-1456DA6558A0}
	EndGlobalSection
EndGlobal
